{
  "version": 1,
  "dependencies": {
    "net11.0": {
      "Microsoft.AspNetCore.OpenApi": {
        "type": "Direct",
        "requested": "[11.0.0-rc.1.26425.128, 11.0.0-rc.1.26425.128]",
        "resolved": "11.0.0-rc.1.26425.128",
        "contentHash": "Gy2njnO4YX6Vdd8ca5q86MNYQSyMdvWKkLiQrT4cvCgIyTg+pNIwh5Sq+LJf+gzIXmeBnolE+RWDYOkbnndDZA==",
        "dependencies": {
          "Microsoft.OpenApi": "[3.10.0, 4.0.0)"
        }
      },
      "Microsoft.OpenApi": {
        "type": "Direct",
        "requested": "[3.10.0, 3.10.0]",
        "resolved": "3.10.0",
        "contentHash": "Iltx5vuQ+TWyuxsLNnLAaqm9RDdOtwWLgJtwH/XSKe/MkdpDQepqDi7it/4OM7JpLsHl1Ir65mm9vpAkbiNlow=="
      }
    }
  }
}